
Microsoft Visual Studio Solution File, Format Version 12.00
# Visual Studio Version 16
VisualStudioVersion = 16.0.29911.84
MinimumVisualStudioVersion = 10.0.40219.1
Project("{FAE04EC0-301F-11D3-BF4B-00C04F79EFBC}") = "Train_Classifier", "Train_Classifier\Train_Classifier.csproj", "{4F5F398F-79FB-4E24-920D-B34C7A16C522}"
EndProject
Global
	GlobalSection(SolutionConfigurationPlatforms) = preSolution
		Debug|Any CPU = Debug|Any CPU
		Release|Any CPU = Release|Any CPU
	EndGlobalSection
	GlobalSection(ProjectConfigurationPlatforms) = postSolution
		{4F5F398F-79FB-4E24-920D-B34C7A16C522}.Debug|Any CPU.ActiveCfg = Debug|Any CPU
		{4F5F398F-79FB-4E24-920D-B34C7A16C522}.Debug|Any CPU.Build.0 = Debug|Any CPU
		{4F5F398F-79FB-4E24-920D-B34C7A16C522}.Release|Any CPU.ActiveCfg = Release|Any CPU
		{4F5F398F-79FB-4E24-920D-B34C7A16C522}.Release|Any CPU.Build.0 = Release|Any CPU
	EndGlobalSection
	GlobalSection(SolutionProperties) = preSolution
		HideSolutionNode = FALSE
	EndGlobalSection
	GlobalSection(ExtensibilityGlobals) = postSolution
		SolutionGuid = {1B1A7635-28E4-4E5C-957A-CB63F9E11347}
	EndGlobalSection
EndGlobal
