
Microsoft Visual Studio Solution File, Format Version 12.00
# Visual Studio Version 16
VisualStudioVersion = 16.0.29911.84
MinimumVisualStudioVersion = 10.0.40219.1
Project("{FAE04EC0-301F-11D3-BF4B-00C04F79EFBC}") = "Speech_Translation", "Speech_Translation\Speech_Translation.csproj", "{52135EE1-F471-4BF2-A088-3F782B3F416F}"
EndProject
Global
	GlobalSection(SolutionConfigurationPlatforms) = preSolution
		Debug|Any CPU = Debug|Any CPU
		Release|Any CPU = Release|Any CPU
	EndGlobalSection
	GlobalSection(ProjectConfigurationPlatforms) = postSolution
		{52135EE1-F471-4BF2-A088-3F782B3F416F}.Debug|Any CPU.ActiveCfg = Debug|Any CPU
		{52135EE1-F471-4BF2-A088-3F782B3F416F}.Debug|Any CPU.Build.0 = Debug|Any CPU
		{52135EE1-F471-4BF2-A088-3F782B3F416F}.Release|Any CPU.ActiveCfg = Release|Any CPU
		{52135EE1-F471-4BF2-A088-3F782B3F416F}.Release|Any CPU.Build.0 = Release|Any CPU
	EndGlobalSection
	GlobalSection(SolutionProperties) = preSolution
		HideSolutionNode = FALSE
	EndGlobalSection
	GlobalSection(ExtensibilityGlobals) = postSolution
		SolutionGuid = {39475123-A539-45C7-AB55-62C52A05A802}
	EndGlobalSection
EndGlobal
